{
  "name": "smc-its-childs-play-game",
  "lockfileVersion": 2,
  "requires": true,
  "packages": {
    "": {
      "name": "smc-its-childs-play-game",
      "license": "Open Government Licence v3 https://www.nationalarchives.gov.uk/doc/open-government-licence/version/3/",
      "devDependencies": {}
    }
  }
}
